
Microsoft Visual Studio Solution File, Format Version 12.00
# Visual Studio Version 16
VisualStudioVersion = 16.0.31410.357
MinimumVisualStudioVersion = 10.0.40219.1
Project("{8BC9CEB8-8B4A-11D0-8D11-00A0C91BC942}") = "adapter", "adapter\adapter.vcxproj", "{2C44C2C8-C1F1-4ADD-8318-FA1CA54366C5}"
EndProject
Project("{8BC9CEB8-8B4A-11D0-8D11-00A0C91BC942}") = "bridge", "bridge\bridge.vcxproj", "{FB81AFC9-F0D3-46D2-95DC-8D74CDD1CE45}"
EndProject
Project("{8BC9CEB8-8B4A-11D0-8D11-00A0C91BC942}") = "command", "command\command.vcxproj", "{83BAFE27-8B2E-4D0B-9CF8-EB1B5ED533DE}"
EndProject
Project("{8BC9CEB8-8B4A-11D0-8D11-00A0C91BC942}") = "observer", "observer\observer.vcxproj", "{F89FABC9-0ACB-4817-90A3-8D76AFC031E2}"
EndProject
Project("{8BC9CEB8-8B4A-11D0-8D11-00A0C91BC942}") = "state", "state\state.vcxproj", "{863DA5E5-2030-4EA5-B5DE-9BA0514B5E79}"
EndProject
Project("{8BC9CEB8-8B4A-11D0-8D11-00A0C91BC942}") = "strategy", "strategy\strategy.vcxproj", "{147CD2F2-50D8-4DBC-B0B5-7860A99CDA4A}"
EndProject
Project("{8BC9CEB8-8B4A-11D0-8D11-00A0C91BC942}") = "chain_of_responsibility", "chain_of_responsibility\chain_of_responsibility.vcxproj", "{0504E320-D959-43FA-B9F8-08BA7EFD8BE3}"
EndProject
Project("{8BC9CEB8-8B4A-11D0-8D11-00A0C91BC942}") = "iterator", "Iterator\Iterator.vcxproj", "{08897E0C-403B-43A0-89DA-9807567C49BA}"
EndProject
Project("{8BC9CEB8-8B4A-11D0-8D11-00A0C91BC942}") = "template_method", "template_method\template_method.vcxproj", "{D25E0451-F129-4BB2-AC83-32680808FCED}"
EndProject
Project("{8BC9CEB8-8B4A-11D0-8D11-00A0C91BC942}") = "visitor", "visitor\visitor.vcxproj", "{E5D82931-F38A-4B43-87F5-8CFC48475D68}"
EndProject
Project("{8BC9CEB8-8B4A-11D0-8D11-00A0C91BC942}") = "memento", "memento\memento.vcxproj", "{529CC47B-287D-4D5A-98FE-8C69D7460100}"
EndProject
Project("{8BC9CEB8-8B4A-11D0-8D11-00A0C91BC942}") = "mediator", "mediator\mediator.vcxproj", "{D8A70ED8-913F-4B22-9FD0-A15E16FB1662}"
EndProject
Project("{8BC9CEB8-8B4A-11D0-8D11-00A0C91BC942}") = "proxy", "proxy\proxy.vcxproj", "{0CDF4ED3-64AC-4D95-9B21-258EBEB0ACFE}"
EndProject
Project("{8BC9CEB8-8B4A-11D0-8D11-00A0C91BC942}") = "facade", "facade\facade.vcxproj", "{66B8E583-F367-46A4-85C9-1C607B4B8B53}"
EndProject
Project("{8BC9CEB8-8B4A-11D0-8D11-00A0C91BC942}") = "composite", "composite\composite.vcxproj", "{15C9BC32-78EB-478C-A49C-36BE4CBFB180}"
EndProject
Global
	GlobalSection(SolutionConfigurationPlatforms) = preSolution
		Debug|x64 = Debug|x64
		Debug|x86 = Debug|x86
		Release|x64 = Release|x64
		Release|x86 = Release|x86
	EndGlobalSection
	GlobalSection(ProjectConfigurationPlatforms) = postSolution
		{2C44C2C8-C1F1-4ADD-8318-FA1CA54366C5}.Debug|x64.ActiveCfg = Debug|x64
		{2C44C2C8-C1F1-4ADD-8318-FA1CA54366C5}.Debug|x64.Build.0 = Debug|x64
		{2C44C2C8-C1F1-4ADD-8318-FA1CA54366C5}.Debug|x86.ActiveCfg = Debug|Win32
		{2C44C2C8-C1F1-4ADD-8318-FA1CA54366C5}.Debug|x86.Build.0 = Debug|Win32
		{2C44C2C8-C1F1-4ADD-8318-FA1CA54366C5}.Release|x64.ActiveCfg = Release|x64
		{2C44C2C8-C1F1-4ADD-8318-FA1CA54366C5}.Release|x64.Build.0 = Release|x64
		{2C44C2C8-C1F1-4ADD-8318-FA1CA54366C5}.Release|x86.ActiveCfg = Release|Win32
		{2C44C2C8-C1F1-4ADD-8318-FA1CA54366C5}.Release|x86.Build.0 = Release|Win32
		{FB81AFC9-F0D3-46D2-95DC-8D74CDD1CE45}.Debug|x64.ActiveCfg = Debug|x64
		{FB81AFC9-F0D3-46D2-95DC-8D74CDD1CE45}.Debug|x64.Build.0 = Debug|x64
		{FB81AFC9-F0D3-46D2-95DC-8D74CDD1CE45}.Debug|x86.ActiveCfg = Debug|Win32
		{FB81AFC9-F0D3-46D2-95DC-8D74CDD1CE45}.Debug|x86.Build.0 = Debug|Win32
		{FB81AFC9-F0D3-46D2-95DC-8D74CDD1CE45}.Release|x64.ActiveCfg = Release|x64
		{FB81AFC9-F0D3-46D2-95DC-8D74CDD1CE45}.Release|x64.Build.0 = Release|x64
		{FB81AFC9-F0D3-46D2-95DC-8D74CDD1CE45}.Release|x86.ActiveCfg = Release|Win32
		{FB81AFC9-F0D3-46D2-95DC-8D74CDD1CE45}.Release|x86.Build.0 = Release|Win32
		{83BAFE27-8B2E-4D0B-9CF8-EB1B5ED533DE}.Debug|x64.ActiveCfg = Debug|x64
		{83BAFE27-8B2E-4D0B-9CF8-EB1B5ED533DE}.Debug|x64.Build.0 = Debug|x64
		{83BAFE27-8B2E-4D0B-9CF8-EB1B5ED533DE}.Debug|x86.ActiveCfg = Debug|Win32
		{83BAFE27-8B2E-4D0B-9CF8-EB1B5ED533DE}.Debug|x86.Build.0 = Debug|Win32
		{83BAFE27-8B2E-4D0B-9CF8-EB1B5ED533DE}.Release|x64.ActiveCfg = Release|x64
		{83BAFE27-8B2E-4D0B-9CF8-EB1B5ED533DE}.Release|x64.Build.0 = Release|x64
		{83BAFE27-8B2E-4D0B-9CF8-EB1B5ED533DE}.Release|x86.ActiveCfg = Release|Win32
		{83BAFE27-8B2E-4D0B-9CF8-EB1B5ED533DE}.Release|x86.Build.0 = Release|Win32
		{F89FABC9-0ACB-4817-90A3-8D76AFC031E2}.Debug|x64.ActiveCfg = Debug|x64
		{F89FABC9-0ACB-4817-90A3-8D76AFC031E2}.Debug|x64.Build.0 = Debug|x64
		{F89FABC9-0ACB-4817-90A3-8D76AFC031E2}.Debug|x86.ActiveCfg = Debug|Win32
		{F89FABC9-0ACB-4817-90A3-8D76AFC031E2}.Debug|x86.Build.0 = Debug|Win32
		{F89FABC9-0ACB-4817-90A3-8D76AFC031E2}.Release|x64.ActiveCfg = Release|x64
		{F89FABC9-0ACB-4817-90A3-8D76AFC031E2}.Release|x64.Build.0 = Release|x64
		{F89FABC9-0ACB-4817-90A3-8D76AFC031E2}.Release|x86.ActiveCfg = Release|Win32
		{F89FABC9-0ACB-4817-90A3-8D76AFC031E2}.Release|x86.Build.0 = Release|Win32
		{863DA5E5-2030-4EA5-B5DE-9BA0514B5E79}.Debug|x64.ActiveCfg = Debug|x64
		{863DA5E5-2030-4EA5-B5DE-9BA0514B5E79}.Debug|x64.Build.0 = Debug|x64
		{863DA5E5-2030-4EA5-B5DE-9BA0514B5E79}.Debug|x86.ActiveCfg = Debug|Win32
		{863DA5E5-2030-4EA5-B5DE-9BA0514B5E79}.Debug|x86.Build.0 = Debug|Win32
		{863DA5E5-2030-4EA5-B5DE-9BA0514B5E79}.Release|x64.ActiveCfg = Release|x64
		{863DA5E5-2030-4EA5-B5DE-9BA0514B5E79}.Release|x64.Build.0 = Release|x64
		{863DA5E5-2030-4EA5-B5DE-9BA0514B5E79}.Release|x86.ActiveCfg = Release|Win32
		{863DA5E5-2030-4EA5-B5DE-9BA0514B5E79}.Release|x86.Build.0 = Release|Win32
		{147CD2F2-50D8-4DBC-B0B5-7860A99CDA4A}.Debug|x64.ActiveCfg = Debug|x64
		{147CD2F2-50D8-4DBC-B0B5-7860A99CDA4A}.Debug|x64.Build.0 = Debug|x64
		{147CD2F2-50D8-4DBC-B0B5-7860A99CDA4A}.Debug|x86.ActiveCfg = Debug|Win32
		{147CD2F2-50D8-4DBC-B0B5-7860A99CDA4A}.Debug|x86.Build.0 = Debug|Win32
		{147CD2F2-50D8-4DBC-B0B5-7860A99CDA4A}.Release|x64.ActiveCfg = Release|x64
		{147CD2F2-50D8-4DBC-B0B5-7860A99CDA4A}.Release|x64.Build.0 = Release|x64
		{147CD2F2-50D8-4DBC-B0B5-7860A99CDA4A}.Release|x86.ActiveCfg = Release|Win32
		{147CD2F2-50D8-4DBC-B0B5-7860A99CDA4A}.Release|x86.Build.0 = Release|Win32
		{0504E320-D959-43FA-B9F8-08BA7EFD8BE3}.Debug|x64.ActiveCfg = Debug|x64
		{0504E320-D959-43FA-B9F8-08BA7EFD8BE3}.Debug|x64.Build.0 = Debug|x64
		{0504E320-D959-43FA-B9F8-08BA7EFD8BE3}.Debug|x86.ActiveCfg = Debug|Win32
		{0504E320-D959-43FA-B9F8-08BA7EFD8BE3}.Debug|x86.Build.0 = Debug|Win32
		{0504E320-D959-43FA-B9F8-08BA7EFD8BE3}.Release|x64.ActiveCfg = Release|x64
		{0504E320-D959-43FA-B9F8-08BA7EFD8BE3}.Release|x64.Build.0 = Release|x64
		{0504E320-D959-43FA-B9F8-08BA7EFD8BE3}.Release|x86.ActiveCfg = Release|Win32
		{0504E320-D959-43FA-B9F8-08BA7EFD8BE3}.Release|x86.Build.0 = Release|Win32
		{08897E0C-403B-43A0-89DA-9807567C49BA}.Debug|x64.ActiveCfg = Debug|x64
		{08897E0C-403B-43A0-89DA-9807567C49BA}.Debug|x64.Build.0 = Debug|x64
		{08897E0C-403B-43A0-89DA-9807567C49BA}.Debug|x86.ActiveCfg = Debug|Win32
		{08897E0C-403B-43A0-89DA-9807567C49BA}.Debug|x86.Build.0 = Debug|Win32
		{08897E0C-403B-43A0-89DA-9807567C49BA}.Release|x64.ActiveCfg = Release|x64
		{08897E0C-403B-43A0-89DA-9807567C49BA}.Release|x64.Build.0 = Release|x64
		{08897E0C-403B-43A0-89DA-9807567C49BA}.Release|x86.ActiveCfg = Release|Win32
		{08897E0C-403B-43A0-89DA-9807567C49BA}.Release|x86.Build.0 = Release|Win32
		{D25E0451-F129-4BB2-AC83-32680808FCED}.Debug|x64.ActiveCfg = Debug|x64
		{D25E0451-F129-4BB2-AC83-32680808FCED}.Debug|x64.Build.0 = Debug|x64
		{D25E0451-F129-4BB2-AC83-32680808FCED}.Debug|x86.ActiveCfg = Debug|Win32
		{D25E0451-F129-4BB2-AC83-32680808FCED}.Debug|x86.Build.0 = Debug|Win32
		{D25E0451-F129-4BB2-AC83-32680808FCED}.Release|x64.ActiveCfg = Release|x64
		{D25E0451-F129-4BB2-AC83-32680808FCED}.Release|x64.Build.0 = Release|x64
		{D25E0451-F129-4BB2-AC83-32680808FCED}.Release|x86.ActiveCfg = Release|Win32
		{D25E0451-F129-4BB2-AC83-32680808FCED}.Release|x86.Build.0 = Release|Win32
		{E5D82931-F38A-4B43-87F5-8CFC48475D68}.Debug|x64.ActiveCfg = Debug|x64
		{E5D82931-F38A-4B43-87F5-8CFC48475D68}.Debug|x64.Build.0 = Debug|x64
		{E5D82931-F38A-4B43-87F5-8CFC48475D68}.Debug|x86.ActiveCfg = Debug|Win32
		{E5D82931-F38A-4B43-87F5-8CFC48475D68}.Debug|x86.Build.0 = Debug|Win32
		{E5D82931-F38A-4B43-87F5-8CFC48475D68}.Release|x64.ActiveCfg = Release|x64
		{E5D82931-F38A-4B43-87F5-8CFC48475D68}.Release|x64.Build.0 = Release|x64
		{E5D82931-F38A-4B43-87F5-8CFC48475D68}.Release|x86.ActiveCfg = Release|Win32
		{E5D82931-F38A-4B43-87F5-8CFC48475D68}.Release|x86.Build.0 = Release|Win32
		{529CC47B-287D-4D5A-98FE-8C69D7460100}.Debug|x64.ActiveCfg = Debug|x64
		{529CC47B-287D-4D5A-98FE-8C69D7460100}.Debug|x64.Build.0 = Debug|x64
		{529CC47B-287D-4D5A-98FE-8C69D7460100}.Debug|x86.ActiveCfg = Debug|Win32
		{529CC47B-287D-4D5A-98FE-8C69D7460100}.Debug|x86.Build.0 = Debug|Win32
		{529CC47B-287D-4D5A-98FE-8C69D7460100}.Release|x64.ActiveCfg = Release|x64
		{529CC47B-287D-4D5A-98FE-8C69D7460100}.Release|x64.Build.0 = Release|x64
		{529CC47B-287D-4D5A-98FE-8C69D7460100}.Release|x86.ActiveCfg = Release|Win32
		{529CC47B-287D-4D5A-98FE-8C69D7460100}.Release|x86.Build.0 = Release|Win32
		{D8A70ED8-913F-4B22-9FD0-A15E16FB1662}.Debug|x64.ActiveCfg = Debug|x64
		{D8A70ED8-913F-4B22-9FD0-A15E16FB1662}.Debug|x64.Build.0 = Debug|x64
		{D8A70ED8-913F-4B22-9FD0-A15E16FB1662}.Debug|x86.ActiveCfg = Debug|Win32
		{D8A70ED8-913F-4B22-9FD0-A15E16FB1662}.Debug|x86.Build.0 = Debug|Win32
		{D8A70ED8-913F-4B22-9FD0-A15E16FB1662}.Release|x64.ActiveCfg = Release|x64
		{D8A70ED8-913F-4B22-9FD0-A15E16FB1662}.Release|x64.Build.0 = Release|x64
		{D8A70ED8-913F-4B22-9FD0-A15E16FB1662}.Release|x86.ActiveCfg = Release|Win32
		{D8A70ED8-913F-4B22-9FD0-A15E16FB1662}.Release|x86.Build.0 = Release|Win32
		{0CDF4ED3-64AC-4D95-9B21-258EBEB0ACFE}.Debug|x64.ActiveCfg = Debug|x64
		{0CDF4ED3-64AC-4D95-9B21-258EBEB0ACFE}.Debug|x64.Build.0 = Debug|x64
		{0CDF4ED3-64AC-4D95-9B21-258EBEB0ACFE}.Debug|x86.ActiveCfg = Debug|Win32
		{0CDF4ED3-64AC-4D95-9B21-258EBEB0ACFE}.Debug|x86.Build.0 = Debug|Win32
		{0CDF4ED3-64AC-4D95-9B21-258EBEB0ACFE}.Release|x64.ActiveCfg = Release|x64
		{0CDF4ED3-64AC-4D95-9B21-258EBEB0ACFE}.Release|x64.Build.0 = Release|x64
		{0CDF4ED3-64AC-4D95-9B21-258EBEB0ACFE}.Release|x86.ActiveCfg = Release|Win32
		{0CDF4ED3-64AC-4D95-9B21-258EBEB0ACFE}.Release|x86.Build.0 = Release|Win32
		{66B8E583-F367-46A4-85C9-1C607B4B8B53}.Debug|x64.ActiveCfg = Debug|x64
		{66B8E583-F367-46A4-85C9-1C607B4B8B53}.Debug|x64.Build.0 = Debug|x64
		{66B8E583-F367-46A4-85C9-1C607B4B8B53}.Debug|x86.ActiveCfg = Debug|Win32
		{66B8E583-F367-46A4-85C9-1C607B4B8B53}.Debug|x86.Build.0 = Debug|Win32
		{66B8E583-F367-46A4-85C9-1C607B4B8B53}.Release|x64.ActiveCfg = Release|x64
		{66B8E583-F367-46A4-85C9-1C607B4B8B53}.Release|x64.Build.0 = Release|x64
		{66B8E583-F367-46A4-85C9-1C607B4B8B53}.Release|x86.ActiveCfg = Release|Win32
		{66B8E583-F367-46A4-85C9-1C607B4B8B53}.Release|x86.Build.0 = Release|Win32
		{15C9BC32-78EB-478C-A49C-36BE4CBFB180}.Debug|x64.ActiveCfg = Debug|x64
		{15C9BC32-78EB-478C-A49C-36BE4CBFB180}.Debug|x64.Build.0 = Debug|x64
		{15C9BC32-78EB-478C-A49C-36BE4CBFB180}.Debug|x86.ActiveCfg = Debug|Win32
		{15C9BC32-78EB-478C-A49C-36BE4CBFB180}.Debug|x86.Build.0 = Debug|Win32
		{15C9BC32-78EB-478C-A49C-36BE4CBFB180}.Release|x64.ActiveCfg = Release|x64
		{15C9BC32-78EB-478C-A49C-36BE4CBFB180}.Release|x64.Build.0 = Release|x64
		{15C9BC32-78EB-478C-A49C-36BE4CBFB180}.Release|x86.ActiveCfg = Release|Win32
		{15C9BC32-78EB-478C-A49C-36BE4CBFB180}.Release|x86.Build.0 = Release|Win32
	EndGlobalSection
	GlobalSection(SolutionProperties) = preSolution
		HideSolutionNode = FALSE
	EndGlobalSection
	GlobalSection(ExtensibilityGlobals) = postSolution
		SolutionGuid = {710E9DA7-BC7C-4F56-B3AB-C5385750E1CB}
	EndGlobalSection
EndGlobal
